
Microsoft Visual Studio Solution File, Format Version 12.00
# Visual Studio Version 16
VisualStudioVersion = 16.0.30621.155
MinimumVisualStudioVersion = 10.0.40219.1
Project("{FAE04EC0-301F-11D3-BF4B-00C04F79EFBC}") = "quiz-backend", "quiz-backend\quiz-backend.csproj", "{87C01CFC-56A3-425E-A507-5F9FA48CB645}"
EndProject
Global
	GlobalSection(SolutionConfigurationPlatforms) = preSolution
		Debug|Any CPU = Debug|Any CPU
		Release|Any CPU = Release|Any CPU
	EndGlobalSection
	GlobalSection(ProjectConfigurationPlatforms) = postSolution
		{87C01CFC-56A3-425E-A507-5F9FA48CB645}.Debug|Any CPU.ActiveCfg = Debug|Any CPU
		{87C01CFC-56A3-425E-A507-5F9FA48CB645}.Debug|Any CPU.Build.0 = Debug|Any CPU
		{87C01CFC-56A3-425E-A507-5F9FA48CB645}.Release|Any CPU.ActiveCfg = Release|Any CPU
		{87C01CFC-56A3-425E-A507-5F9FA48CB645}.Release|Any CPU.Build.0 = Release|Any CPU
	EndGlobalSection
	GlobalSection(SolutionProperties) = preSolution
		HideSolutionNode = FALSE
	EndGlobalSection
	GlobalSection(ExtensibilityGlobals) = postSolution
		SolutionGuid = {89AE5CC7-0D3D-4951-A471-A5DB3CBB5605}
	EndGlobalSection
EndGlobal
